// !$*UTF8*$!
{
	archiveVersion = 1;
	classes = {
	};
	objectVersion = 77;
	objects = {

/* Begin PBXBuildFile section */
		25EEFB1F2EE7AE9C00515D09 /* AppDelegate.swift in Sources */ = {isa = PBXBuildFile; fileRef = 25EEFB1E2EE7AE9C00515D09 /* AppDelegate.swift */; };
		25EEFB212EE7AE9C00515D09 /* SceneDelegate.swift in Sources */ = {isa = PBXBuildFile; fileRef = 25EEFB202EE7AE9C00515D09 /* SceneDelegate.swift */; };
		25EEFB242EE7AE9C00515D09 /* LaunchScreen.storyboard in Resources */ = {isa = PBXBuildFile; fileRef = 25EEFB222EE7AE9C00515D09 /* LaunchScreen.storyboard */; };
		25EEFB272EE7AE9C00515D09 /* Main.storyboard in Resources */ = {isa = PBXBuildFile; fileRef = 25EEFB252EE7AE9C00515D09 /* Main.storyboard */; };
		25EEFB302EE7AE9C00515D09 /* AppDelegate.swift in Sources */ = {isa = PBXBuildFile; fileRef = 25EEFB2F2EE7AE9C00515D09 /* AppDelegate.swift */; };
		25EEFB332EE7AE9C00515D09 /* Main.storyboard in Resources */ = {isa = PBXBuildFile; fileRef = 25EEFB312EE7AE9C00515D09 /* Main.storyboard */; };
		25EEFB3A2EE7AE9C00515D09 /* Tab Session Manager Extension.appex in Embed Foundation Extensions */ = {isa = PBXBuildFile; fileRef = 25EEFB392EE7AE9C00515D09 /* Tab Session Manager Extension.appex */; settings = {ATTRIBUTES = (RemoveHeadersOnCopy, ); }; };
		25EEFB442EE7AE9C00515D09 /* Tab Session Manager Extension.appex in Embed Foundation Extensions */ = {isa = PBXBuildFile; fileRef = 25EEFB432EE7AE9C00515D09 /* Tab Session Manager Extension.appex */; settings = {ATTRIBUTES = (RemoveHeadersOnCopy, ); }; };
		25EEFB492EE7AE9C00515D09 /* Main.html in Resources */ = {isa = PBXBuildFile; fileRef = 25EEFB0E2EE7AE9B00515D09 /* Main.html */; };
		25EEFB4A2EE7AE9C00515D09 /* Main.html in Resources */ = {isa = PBXBuildFile; fileRef = 25EEFB0E2EE7AE9B00515D09 /* Main.html */; };
		25EEFB4B2EE7AE9C00515D09 /* Icon.png in Resources */ = {isa = PBXBuildFile; fileRef = 25EEFB102EE7AE9B00515D09 /* Icon.png */; };
		25EEFB4C2EE7AE9C00515D09 /* Icon.png in Resources */ = {isa = PBXBuildFile; fileRef = 25EEFB102EE7AE9B00515D09 /* Icon.png */; };
		25EEFB4D2EE7AE9C00515D09 /* Style.css in Resources */ = {isa = PBXBuildFile; fileRef = 25EEFB112EE7AE9B00515D09 /* Style.css */; };
		25EEFB4E2EE7AE9C00515D09 /* Style.css in Resources */ = {isa = PBXBuildFile; fileRef = 25EEFB112EE7AE9B00515D09 /* Style.css */; };
		25EEFB4F2EE7AE9C00515D09 /* Script.js in Resources */ = {isa = PBXBuildFile; fileRef = 25EEFB122EE7AE9B00515D09 /* Script.js */; };
		25EEFB502EE7AE9C00515D09 /* Script.js in Resources */ = {isa = PBXBuildFile; fileRef = 25EEFB122EE7AE9B00515D09 /* Script.js */; };
		25EEFB512EE7AE9C00515D09 /* ViewController.swift in Sources */ = {isa = PBXBuildFile; fileRef = 25EEFB132EE7AE9B00515D09 /* ViewController.swift */; };
		25EEFB522EE7AE9C00515D09 /* ViewController.swift in Sources */ = {isa = PBXBuildFile; fileRef = 25EEFB132EE7AE9B00515D09 /* ViewController.swift */; };
		25EEFB532EE7AE9C00515D09 /* Assets.xcassets in Resources */ = {isa = PBXBuildFile; fileRef = 25EEFB142EE7AE9C00515D09 /* Assets.xcassets */; };
		25EEFB542EE7AE9C00515D09 /* Assets.xcassets in Resources */ = {isa = PBXBuildFile; fileRef = 25EEFB142EE7AE9C00515D09 /* Assets.xcassets */; };
		25EEFB552EE7AE9C00515D09 /* SafariWebExtensionHandler.swift in Sources */ = {isa = PBXBuildFile; fileRef = 25EEFB162EE7AE9C00515D09 /* SafariWebExtensionHandler.swift */; };
		25EEFB562EE7AE9C00515D09 /* SafariWebExtensionHandler.swift in Sources */ = {isa = PBXBuildFile; fileRef = 25EEFB162EE7AE9C00515D09 /* SafariWebExtensionHandler.swift */; };
		25EEFB702EE7AE9D00515D09 /* background in Resources */ = {isa = PBXBuildFile; fileRef = 25EEFB682EE7AE9D00515D09 /* background */; };
		25EEFB712EE7AE9D00515D09 /* offscreen in Resources */ = {isa = PBXBuildFile; fileRef = 25EEFB692EE7AE9D00515D09 /* offscreen */; };
		25EEFB722EE7AE9D00515D09 /* options in Resources */ = {isa = PBXBuildFile; fileRef = 25EEFB6A2EE7AE9D00515D09 /* options */; };
		25EEFB732EE7AE9D00515D09 /* popup in Resources */ = {isa = PBXBuildFile; fileRef = 25EEFB6B2EE7AE9D00515D09 /* popup */; };
		25EEFB742EE7AE9D00515D09 /* replaced in Resources */ = {isa = PBXBuildFile; fileRef = 25EEFB6C2EE7AE9D00515D09 /* replaced */; };
		25EEFB752EE7AE9D00515D09 /* icons in Resources */ = {isa = PBXBuildFile; fileRef = 25EEFB6D2EE7AE9D00515D09 /* icons */; };
		25EEFB762EE7AE9D00515D09 /* manifest.json in Resources */ = {isa = PBXBuildFile; fileRef = 25EEFB6E2EE7AE9D00515D09 /* manifest.json */; };
		25EEFB772EE7AE9D00515D09 /* _locales in Resources */ = {isa = PBXBuildFile; fileRef = 25EEFB6F2EE7AE9D00515D09 /* _locales */; };
		25EEFB782EE7AE9D00515D09 /* background in Resources */ = {isa = PBXBuildFile; fileRef = 25EEFB682EE7AE9D00515D09 /* background */; };
		25EEFB792EE7AE9D00515D09 /* offscreen in Resources */ = {isa = PBXBuildFile; fileRef = 25EEFB692EE7AE9D00515D09 /* offscreen */; };
		25EEFB7A2EE7AE9D00515D09 /* options in Resources */ = {isa = PBXBuildFile; fileRef = 25EEFB6A2EE7AE9D00515D09 /* options */; };
		25EEFB7B2EE7AE9D00515D09 /* popup in Resources */ = {isa = PBXBuildFile; fileRef = 25EEFB6B2EE7AE9D00515D09 /* popup */; };
		25EEFB7C2EE7AE9D00515D09 /* replaced in Resources */ = {isa = PBXBuildFile; fileRef = 25EEFB6C2EE7AE9D00515D09 /* replaced */; };
		25EEFB7D2EE7AE9D00515D09 /* icons in Resources */ = {isa = PBXBuildFile; fileRef = 25EEFB6D2EE7AE9D00515D09 /* icons */; };
		25EEFB7E2EE7AE9D00515D09 /* manifest.json in Resources */ = {isa = PBXBuildFile; fileRef = 25EEFB6E2EE7AE9D00515D09 /* manifest.json */; };
		25EEFB7F2EE7AE9D00515D09 /* _locales in Resources */ = {isa = PBXBuildFile; fileRef = 25EEFB6F2EE7AE9D00515D09 /* _locales */; };
/* End PBXBuildFile section */

/* Begin PBXContainerItemProxy section */
		25EEFB3B2EE7AE9C00515D09 /* PBXContainerItemProxy */ = {
			isa = PBXContainerItemProxy;
			containerPortal = 25EEFB082EE7AE9B00515D09 /* Project object */;
			proxyType = 1;
			remoteGlobalIDString = 25EEFB382EE7AE9C00515D09;
			remoteInfo = "Tab Session Manager Extension (iOS)";
		};
		25EEFB452EE7AE9C00515D09 /* PBXContainerItemProxy */ = {
			isa = PBXContainerItemProxy;
			containerPortal = 25EEFB082EE7AE9B00515D09 /* Project object */;
			proxyType = 1;
			remoteGlobalIDString = 25EEFB422EE7AE9C00515D09;
			remoteInfo = "Tab Session Manager Extension (macOS)";
		};
/* End PBXContainerItemProxy section */

/* Begin PBXCopyFilesBuildPhase section */
		25EEFB5C2EE7AE9C00515D09 /* Embed Foundation Extensions */ = {
			isa = PBXCopyFilesBuildPhase;
			buildActionMask = 2147483647;
			dstPath = "";
			dstSubfolderSpec = 13;
			files = (
				25EEFB3A2EE7AE9C00515D09 /* Tab Session Manager Extension.appex in Embed Foundation Extensions */,
			);
			name = "Embed Foundation Extensions";
			runOnlyForDeploymentPostprocessing = 0;
		};
		25EEFB632EE7AE9C00515D09 /* Embed Foundation Extensions */ = {
			isa = PBXCopyFilesBuildPhase;
			buildActionMask = 2147483647;
			dstPath = "";
			dstSubfolderSpec = 13;
			files = (
				25EEFB442EE7AE9C00515D09 /* Tab Session Manager Extension.appex in Embed Foundation Extensions */,
			);
			name = "Embed Foundation Extensions";
			runOnlyForDeploymentPostprocessing = 0;
		};
/* End PBXCopyFilesBuildPhase section */

/* Begin PBXFileReference section */
		25EEFB0F2EE7AE9B00515D09 /* Base */ = {isa = PBXFileReference; lastKnownFileType = text.html; name = Base; path = Base.lproj/Main.html; sourceTree = "<group>"; };
		25EEFB102EE7AE9B00515D09 /* Icon.png */ = {isa = PBXFileReference; lastKnownFileType = image.png; path = Icon.png; sourceTree = "<group>"; };
		25EEFB112EE7AE9B00515D09 /* Style.css */ = {isa = PBXFileReference; lastKnownFileType = text.css; path = Style.css; sourceTree = "<group>"; };
		25EEFB122EE7AE9B00515D09 /* Script.js */ = {isa = PBXFileReference; lastKnownFileType = sourcecode.javascript; path = Script.js; sourceTree = "<group>"; };
		25EEFB132EE7AE9B00515D09 /* ViewController.swift */ = {isa = PBXFileReference; lastKnownFileType = sourcecode.swift; path = ViewController.swift; sourceTree = "<group>"; };
		25EEFB142EE7AE9C00515D09 /* Assets.xcassets */ = {isa = PBXFileReference; lastKnownFileType = folder.assetcatalog; path = Assets.xcassets; sourceTree = "<group>"; };
		25EEFB162EE7AE9C00515D09 /* SafariWebExtensionHandler.swift */ = {isa = PBXFileReference; lastKnownFileType = sourcecode.swift; path = SafariWebExtensionHandler.swift; sourceTree = "<group>"; };
		25EEFB1B2EE7AE9C00515D09 /* Tab Session Manager.app */ = {isa = PBXFileReference; explicitFileType = wrapper.application; includeInIndex = 0; path = "Tab Session Manager.app"; sourceTree = BUILT_PRODUCTS_DIR; };
		25EEFB1E2EE7AE9C00515D09 /* AppDelegate.swift */ = {isa = PBXFileReference; lastKnownFileType = sourcecode.swift; path = AppDelegate.swift; sourceTree = "<group>"; };
		25EEFB202EE7AE9C00515D09 /* SceneDelegate.swift */ = {isa = PBXFileReference; lastKnownFileType = sourcecode.swift; path = SceneDelegate.swift; sourceTree = "<group>"; };
		25EEFB232EE7AE9C00515D09 /* Base */ = {isa = PBXFileReference; lastKnownFileType = file.storyboard; name = Base; path = Base.lproj/LaunchScreen.storyboard; sourceTree = "<group>"; };
		25EEFB262EE7AE9C00515D09 /* Base */ = {isa = PBXFileReference; lastKnownFileType = file.storyboard; name = Base; path = Base.lproj/Main.storyboard; sourceTree = "<group>"; };
		25EEFB282EE7AE9C00515D09 /* Info.plist */ = {isa = PBXFileReference; lastKnownFileType = text.plist.xml; path = Info.plist; sourceTree = "<group>"; };
		25EEFB2D2EE7AE9C00515D09 /* Tab Session Manager.app */ = {isa = PBXFileReference; explicitFileType = wrapper.application; includeInIndex = 0; path = "Tab Session Manager.app"; sourceTree = BUILT_PRODUCTS_DIR; };
		25EEFB2F2EE7AE9C00515D09 /* AppDelegate.swift */ = {isa = PBXFileReference; lastKnownFileType = sourcecode.swift; path = AppDelegate.swift; sourceTree = "<group>"; };
		25EEFB322EE7AE9C00515D09 /* Base */ = {isa = PBXFileReference; lastKnownFileType = file.storyboard; name = Base; path = Base.lproj/Main.storyboard; sourceTree = "<group>"; };
		25EEFB342EE7AE9C00515D09 /* Info.plist */ = {isa = PBXFileReference; lastKnownFileType = text.plist.xml; path = Info.plist; sourceTree = "<group>"; };
		25EEFB392EE7AE9C00515D09 /* Tab Session Manager Extension.appex */ = {isa = PBXFileReference; explicitFileType = "wrapper.app-extension"; includeInIndex = 0; path = "Tab Session Manager Extension.appex"; sourceTree = BUILT_PRODUCTS_DIR; };
		25EEFB3E2EE7AE9C00515D09 /* Info.plist */ = {isa = PBXFileReference; lastKnownFileType = text.plist.xml; path = Info.plist; sourceTree = "<group>"; };
		25EEFB432EE7AE9C00515D09 /* Tab Session Manager Extension.appex */ = {isa = PBXFileReference; explicitFileType = "wrapper.app-extension"; includeInIndex = 0; path = "Tab Session Manager Extension.appex"; sourceTree = BUILT_PRODUCTS_DIR; };
		25EEFB482EE7AE9C00515D09 /* Info.plist */ = {isa = PBXFileReference; lastKnownFileType = text.plist.xml; path = Info.plist; sourceTree = "<group>"; };
		25EEFB682EE7AE9D00515D09 /* background */ = {isa = PBXFileReference; lastKnownFileType = folder; name = background; path = Resources/background; sourceTree = "<group>"; };
		25EEFB692EE7AE9D00515D09 /* offscreen */ = {isa = PBXFileReference; lastKnownFileType = folder; name = offscreen; path = Resources/offscreen; sourceTree = "<group>"; };
		25EEFB6A2EE7AE9D00515D09 /* options */ = {isa = PBXFileReference; lastKnownFileType = folder; name = options; path = Resources/options; sourceTree = "<group>"; };
		25EEFB6B2EE7AE9D00515D09 /* popup */ = {isa = PBXFileReference; lastKnownFileType = folder; name = popup; path = Resources/popup; sourceTree = "<group>"; };
		25EEFB6C2EE7AE9D00515D09 /* replaced */ = {isa = PBXFileReference; lastKnownFileType = folder; name = replaced; path = Resources/replaced; sourceTree = "<group>"; };
		25EEFB6D2EE7AE9D00515D09 /* icons */ = {isa = PBXFileReference; lastKnownFileType = folder; name = icons; path = Resources/icons; sourceTree = "<group>"; };
		25EEFB6E2EE7AE9D00515D09 /* manifest.json */ = {isa = PBXFileReference; lastKnownFileType = text.json; name = manifest.json; path = Resources/manifest.json; sourceTree = "<group>"; };
		25EEFB6F2EE7AE9D00515D09 /* _locales */ = {isa = PBXFileReference; lastKnownFileType = folder; name = _locales; path = Resources/_locales; sourceTree = "<group>"; };
/* End PBXFileReference section */

/* Begin PBXFrameworksBuildPhase section */
		25EEFB182EE7AE9C00515D09 /* Frameworks */ = {
			isa = PBXFrameworksBuildPhase;
			buildActionMask = 2147483647;
			files = (
			);
			runOnlyForDeploymentPostprocessing = 0;
		};
		25EEFB2A2EE7AE9C00515D09 /* Frameworks */ = {
			isa = PBXFrameworksBuildPhase;
			buildActionMask = 2147483647;
			files = (
			);
			runOnlyForDeploymentPostprocessing = 0;
		};
		25EEFB362EE7AE9C00515D09 /* Frameworks */ = {
			isa = PBXFrameworksBuildPhase;
			buildActionMask = 2147483647;
			files = (
			);
			runOnlyForDeploymentPostprocessing = 0;
		};
		25EEFB402EE7AE9C00515D09 /* Frameworks */ = {
			isa = PBXFrameworksBuildPhase;
			buildActionMask = 2147483647;
			files = (
			);
			runOnlyForDeploymentPostprocessing = 0;
		};
/* End PBXFrameworksBuildPhase section */

/* Begin PBXGroup section */
		25EEFB072EE7AE9B00515D09 = {
			isa = PBXGroup;
			children = (
				25EEFB0C2EE7AE9B00515D09 /* Shared (App) */,
				25EEFB152EE7AE9C00515D09 /* Shared (Extension) */,
				25EEFB1D2EE7AE9C00515D09 /* iOS (App) */,
				25EEFB2E2EE7AE9C00515D09 /* macOS (App) */,
				25EEFB3D2EE7AE9C00515D09 /* iOS (Extension) */,
				25EEFB472EE7AE9C00515D09 /* macOS (Extension) */,
				25EEFB1C2EE7AE9C00515D09 /* Products */,
			);
			sourceTree = "<group>";
		};
		25EEFB0C2EE7AE9B00515D09 /* Shared (App) */ = {
			isa = PBXGroup;
			children = (
				25EEFB132EE7AE9B00515D09 /* ViewController.swift */,
				25EEFB142EE7AE9C00515D09 /* Assets.xcassets */,
				25EEFB0D2EE7AE9B00515D09 /* Resources */,
			);
			path = "Shared (App)";
			sourceTree = "<group>";
		};
		25EEFB0D2EE7AE9B00515D09 /* Resources */ = {
			isa = PBXGroup;
			children = (
				25EEFB0E2EE7AE9B00515D09 /* Main.html */,
				25EEFB102EE7AE9B00515D09 /* Icon.png */,
				25EEFB112EE7AE9B00515D09 /* Style.css */,
				25EEFB122EE7AE9B00515D09 /* Script.js */,
			);
			path = Resources;
			sourceTree = "<group>";
		};
		25EEFB152EE7AE9C00515D09 /* Shared (Extension) */ = {
			isa = PBXGroup;
			children = (
				25EEFB672EE7AE9D00515D09 /* Resources */,
				25EEFB162EE7AE9C00515D09 /* SafariWebExtensionHandler.swift */,
			);
			path = "Shared (Extension)";
			sourceTree = "<group>";
		};
		25EEFB1C2EE7AE9C00515D09 /* Products */ = {
			isa = PBXGroup;
			children = (
				25EEFB1B2EE7AE9C00515D09 /* Tab Session Manager.app */,
				25EEFB2D2EE7AE9C00515D09 /* Tab Session Manager.app */,
				25EEFB392EE7AE9C00515D09 /* Tab Session Manager Extension.appex */,
				25EEFB432EE7AE9C00515D09 /* Tab Session Manager Extension.appex */,
			);
			name = Products;
			sourceTree = "<group>";
		};
		25EEFB1D2EE7AE9C00515D09 /* iOS (App) */ = {
			isa = PBXGroup;
			children = (
				25EEFB1E2EE7AE9C00515D09 /* AppDelegate.swift */,
				25EEFB202EE7AE9C00515D09 /* SceneDelegate.swift */,
				25EEFB222EE7AE9C00515D09 /* LaunchScreen.storyboard */,
				25EEFB252EE7AE9C00515D09 /* Main.storyboard */,
				25EEFB282EE7AE9C00515D09 /* Info.plist */,
			);
			path = "iOS (App)";
			sourceTree = "<group>";
		};
		25EEFB2E2EE7AE9C00515D09 /* macOS (App) */ = {
			isa = PBXGroup;
			children = (
				25EEFB2F2EE7AE9C00515D09 /* AppDelegate.swift */,
				25EEFB312EE7AE9C00515D09 /* Main.storyboard */,
				25EEFB342EE7AE9C00515D09 /* Info.plist */,
			);
			path = "macOS (App)";
			sourceTree = "<group>";
		};
		25EEFB3D2EE7AE9C00515D09 /* iOS (Extension) */ = {
			isa = PBXGroup;
			children = (
				25EEFB3E2EE7AE9C00515D09 /* Info.plist */,
			);
			path = "iOS (Extension)";
			sourceTree = "<group>";
		};
		25EEFB472EE7AE9C00515D09 /* macOS (Extension) */ = {
			isa = PBXGroup;
			children = (
				25EEFB482EE7AE9C00515D09 /* Info.plist */,
			);
			path = "macOS (Extension)";
			sourceTree = "<group>";
		};
		25EEFB672EE7AE9D00515D09 /* Resources */ = {
			isa = PBXGroup;
			children = (
				25EEFB682EE7AE9D00515D09 /* background */,
				25EEFB692EE7AE9D00515D09 /* offscreen */,
				25EEFB6A2EE7AE9D00515D09 /* options */,
				25EEFB6B2EE7AE9D00515D09 /* popup */,
				25EEFB6C2EE7AE9D00515D09 /* replaced */,
				25EEFB6D2EE7AE9D00515D09 /* icons */,
				25EEFB6E2EE7AE9D00515D09 /* manifest.json */,
				25EEFB6F2EE7AE9D00515D09 /* _locales */,
			);
			name = Resources;
			path = "Shared (Extension)";
			sourceTree = SOURCE_ROOT;
		};
/* End PBXGroup section */

/* Begin PBXNativeTarget section */
		25EEFB1A2EE7AE9C00515D09 /* Tab Session Manager (iOS) */ = {
			isa = PBXNativeTarget;
			buildConfigurationList = 25EEFB5D2EE7AE9C00515D09 /* Build configuration list for PBXNativeTarget "Tab Session Manager (iOS)" */;
			buildPhases = (
				25EEFB172EE7AE9C00515D09 /* Sources */,
				25EEFB182EE7AE9C00515D09 /* Frameworks */,
				25EEFB192EE7AE9C00515D09 /* Resources */,
				25EEFB5C2EE7AE9C00515D09 /* Embed Foundation Extensions */,
			);
			buildRules = (
			);
			dependencies = (
				25EEFB3C2EE7AE9C00515D09 /* PBXTargetDependency */,
			);
			name = "Tab Session Manager (iOS)";
			packageProductDependencies = (
			);
			productName = "Tab Session Manager (iOS)";
			productReference = 25EEFB1B2EE7AE9C00515D09 /* Tab Session Manager.app */;
			productType = "com.apple.product-type.application";
		};
		25EEFB2C2EE7AE9C00515D09 /* Tab Session Manager (macOS) */ = {
			isa = PBXNativeTarget;
			buildConfigurationList = 25EEFB642EE7AE9C00515D09 /* Build configuration list for PBXNativeTarget "Tab Session Manager (macOS)" */;
			buildPhases = (
				25EEFB292EE7AE9C00515D09 /* Sources */,
				25EEFB2A2EE7AE9C00515D09 /* Frameworks */,
				25EEFB2B2EE7AE9C00515D09 /* Resources */,
				25EEFB632EE7AE9C00515D09 /* Embed Foundation Extensions */,
			);
			buildRules = (
			);
			dependencies = (
				25EEFB462EE7AE9C00515D09 /* PBXTargetDependency */,
			);
			name = "Tab Session Manager (macOS)";
			packageProductDependencies = (
			);
			productName = "Tab Session Manager (macOS)";
			productReference = 25EEFB2D2EE7AE9C00515D09 /* Tab Session Manager.app */;
			productType = "com.apple.product-type.application";
		};
		25EEFB382EE7AE9C00515D09 /* Tab Session Manager Extension (iOS) */ = {
			isa = PBXNativeTarget;
			buildConfigurationList = 25EEFB592EE7AE9C00515D09 /* Build configuration list for PBXNativeTarget "Tab Session Manager Extension (iOS)" */;
			buildPhases = (
				25EEFB352EE7AE9C00515D09 /* Sources */,
				25EEFB362EE7AE9C00515D09 /* Frameworks */,
				25EEFB372EE7AE9C00515D09 /* Resources */,
			);
			buildRules = (
			);
			dependencies = (
			);
			name = "Tab Session Manager Extension (iOS)";
			packageProductDependencies = (
			);
			productName = "Tab Session Manager Extension (iOS)";
			productReference = 25EEFB392EE7AE9C00515D09 /* Tab Session Manager Extension.appex */;
			productType = "com.apple.product-type.app-extension";
		};
		25EEFB422EE7AE9C00515D09 /* Tab Session Manager Extension (macOS) */ = {
			isa = PBXNativeTarget;
			buildConfigurationList = 25EEFB602EE7AE9C00515D09 /* Build configuration list for PBXNativeTarget "Tab Session Manager Extension (macOS)" */;
			buildPhases = (
				25EEFB3F2EE7AE9C00515D09 /* Sources */,
				25EEFB402EE7AE9C00515D09 /* Frameworks */,
				25EEFB412EE7AE9C00515D09 /* Resources */,
			);
			buildRules = (
			);
			dependencies = (
			);
			name = "Tab Session Manager Extension (macOS)";
			packageProductDependencies = (
			);
			productName = "Tab Session Manager Extension (macOS)";
			productReference = 25EEFB432EE7AE9C00515D09 /* Tab Session Manager Extension.appex */;
			productType = "com.apple.product-type.app-extension";
		};
/* End PBXNativeTarget section */

/* Begin PBXProject section */
		25EEFB082EE7AE9B00515D09 /* Project object */ = {
			isa = PBXProject;
			attributes = {
				BuildIndependentTargetsInParallel = 1;
				LastSwiftUpdateCheck = 2610;
				LastUpgradeCheck = 2610;
				TargetAttributes = {
					25EEFB1A2EE7AE9C00515D09 = {
						CreatedOnToolsVersion = 26.1.1;
					};
					25EEFB2C2EE7AE9C00515D09 = {
						CreatedOnToolsVersion = 26.1.1;
					};
					25EEFB382EE7AE9C00515D09 = {
						CreatedOnToolsVersion = 26.1.1;
					};
					25EEFB422EE7AE9C00515D09 = {
						CreatedOnToolsVersion = 26.1.1;
					};
				};
			};
			buildConfigurationList = 25EEFB0B2EE7AE9B00515D09 /* Build configuration list for PBXProject "Tab Session Manager" */;
			developmentRegion = en;
			hasScannedForEncodings = 0;
			knownRegions = (
				en,
				Base,
			);
			mainGroup = 25EEFB072EE7AE9B00515D09;
			minimizedProjectReferenceProxies = 1;
			preferredProjectObjectVersion = 77;
			productRefGroup = 25EEFB1C2EE7AE9C00515D09 /* Products */;
			projectDirPath = "";
			projectRoot = "";
			targets = (
				25EEFB1A2EE7AE9C00515D09 /* Tab Session Manager (iOS) */,
				25EEFB2C2EE7AE9C00515D09 /* Tab Session Manager (macOS) */,
				25EEFB382EE7AE9C00515D09 /* Tab Session Manager Extension (iOS) */,
				25EEFB422EE7AE9C00515D09 /* Tab Session Manager Extension (macOS) */,
			);
		};
/* End PBXProject section */

/* Begin PBXResourcesBuildPhase section */
		25EEFB192EE7AE9C00515D09 /* Resources */ = {
			isa = PBXResourcesBuildPhase;
			buildActionMask = 2147483647;
			files = (
				25EEFB4B2EE7AE9C00515D09 /* Icon.png in Resources */,
				25EEFB242EE7AE9C00515D09 /* LaunchScreen.storyboard in Resources */,
				25EEFB492EE7AE9C00515D09 /* Main.html in Resources */,
				25EEFB4F2EE7AE9C00515D09 /* Script.js in Resources */,
				25EEFB532EE7AE9C00515D09 /* Assets.xcassets in Resources */,
				25EEFB272EE7AE9C00515D09 /* Main.storyboard in Resources */,
				25EEFB4D2EE7AE9C00515D09 /* Style.css in Resources */,
			);
			runOnlyForDeploymentPostprocessing = 0;
		};
		25EEFB2B2EE7AE9C00515D09 /* Resources */ = {
			isa = PBXResourcesBuildPhase;
			buildActionMask = 2147483647;
			files = (
				25EEFB4C2EE7AE9C00515D09 /* Icon.png in Resources */,
				25EEFB4E2EE7AE9C00515D09 /* Style.css in Resources */,
				25EEFB332EE7AE9C00515D09 /* Main.storyboard in Resources */,
				25EEFB502EE7AE9C00515D09 /* Script.js in Resources */,
				25EEFB542EE7AE9C00515D09 /* Assets.xcassets in Resources */,
				25EEFB4A2EE7AE9C00515D09 /* Main.html in Resources */,
			);
			runOnlyForDeploymentPostprocessing = 0;
		};
		25EEFB372EE7AE9C00515D09 /* Resources */ = {
			isa = PBXResourcesBuildPhase;
			buildActionMask = 2147483647;
			files = (
				25EEFB7A2EE7AE9D00515D09 /* options in Resources */,
				25EEFB7E2EE7AE9D00515D09 /* manifest.json in Resources */,
				25EEFB7F2EE7AE9D00515D09 /* _locales in Resources */,
				25EEFB7C2EE7AE9D00515D09 /* replaced in Resources */,
				25EEFB7B2EE7AE9D00515D09 /* popup in Resources */,
				25EEFB7D2EE7AE9D00515D09 /* icons in Resources */,
				25EEFB792EE7AE9D00515D09 /* offscreen in Resources */,
				25EEFB782EE7AE9D00515D09 /* background in Resources */,
			);
			runOnlyForDeploymentPostprocessing = 0;
		};
		25EEFB412EE7AE9C00515D09 /* Resources */ = {
			isa = PBXResourcesBuildPhase;
			buildActionMask = 2147483647;
			files = (
				25EEFB722EE7AE9D00515D09 /* options in Resources */,
				25EEFB762EE7AE9D00515D09 /* manifest.json in Resources */,
				25EEFB772EE7AE9D00515D09 /* _locales in Resources */,
				25EEFB742EE7AE9D00515D09 /* replaced in Resources */,
				25EEFB732EE7AE9D00515D09 /* popup in Resources */,
				25EEFB752EE7AE9D00515D09 /* icons in Resources */,
				25EEFB712EE7AE9D00515D09 /* offscreen in Resources */,
				25EEFB702EE7AE9D00515D09 /* background in Resources */,
			);
			runOnlyForDeploymentPostprocessing = 0;
		};
/* End PBXResourcesBuildPhase section */

/* Begin PBXSourcesBuildPhase section */
		25EEFB172EE7AE9C00515D09 /* Sources */ = {
			isa = PBXSourcesBuildPhase;
			buildActionMask = 2147483647;
			files = (
				25EEFB512EE7AE9C00515D09 /* ViewController.swift in Sources */,
				25EEFB1F2EE7AE9C00515D09 /* AppDelegate.swift in Sources */,
				25EEFB212EE7AE9C00515D09 /* SceneDelegate.swift in Sources */,
			);
			runOnlyForDeploymentPostprocessing = 0;
		};
		25EEFB292EE7AE9C00515D09 /* Sources */ = {
			isa = PBXSourcesBuildPhase;
			buildActionMask = 2147483647;
			files = (
				25EEFB522EE7AE9C00515D09 /* ViewController.swift in Sources */,
				25EEFB302EE7AE9C00515D09 /* AppDelegate.swift in Sources */,
			);
			runOnlyForDeploymentPostprocessing = 0;
		};
		25EEFB352EE7AE9C00515D09 /* Sources */ = {
			isa = PBXSourcesBuildPhase;
			buildActionMask = 2147483647;
			files = (
				25EEFB552EE7AE9C00515D09 /* SafariWebExtensionHandler.swift in Sources */,
			);
			runOnlyForDeploymentPostprocessing = 0;
		};
		25EEFB3F2EE7AE9C00515D09 /* Sources */ = {
			isa = PBXSourcesBuildPhase;
			buildActionMask = 2147483647;
			files = (
				25EEFB562EE7AE9C00515D09 /* SafariWebExtensionHandler.swift in Sources */,
			);
			runOnlyForDeploymentPostprocessing = 0;
		};
/* End PBXSourcesBuildPhase section */

/* Begin PBXTargetDependency section */
		25EEFB3C2EE7AE9C00515D09 /* PBXTargetDependency */ = {
			isa = PBXTargetDependency;
			target = 25EEFB382EE7AE9C00515D09 /* Tab Session Manager Extension (iOS) */;
			targetProxy = 25EEFB3B2EE7AE9C00515D09 /* PBXContainerItemProxy */;
		};
		25EEFB462EE7AE9C00515D09 /* PBXTargetDependency */ = {
			isa = PBXTargetDependency;
			target = 25EEFB422EE7AE9C00515D09 /* Tab Session Manager Extension (macOS) */;
			targetProxy = 25EEFB452EE7AE9C00515D09 /* PBXContainerItemProxy */;
		};
/* End PBXTargetDependency section */

/* Begin PBXVariantGroup section */
		25EEFB0E2EE7AE9B00515D09 /* Main.html */ = {
			isa = PBXVariantGroup;
			children = (
				25EEFB0F2EE7AE9B00515D09 /* Base */,
			);
			name = Main.html;
			sourceTree = "<group>";
		};
		25EEFB222EE7AE9C00515D09 /* LaunchScreen.storyboard */ = {
			isa = PBXVariantGroup;
			children = (
				25EEFB232EE7AE9C00515D09 /* Base */,
			);
			name = LaunchScreen.storyboard;
			sourceTree = "<group>";
		};
		25EEFB252EE7AE9C00515D09 /* Main.storyboard */ = {
			isa = PBXVariantGroup;
			children = (
				25EEFB262EE7AE9C00515D09 /* Base */,
			);
			name = Main.storyboard;
			sourceTree = "<group>";
		};
		25EEFB312EE7AE9C00515D09 /* Main.storyboard */ = {
			isa = PBXVariantGroup;
			children = (
				25EEFB322EE7AE9C00515D09 /* Base */,
			);
			name = Main.storyboard;
			sourceTree = "<group>";
		};
/* End PBXVariantGroup section */

/* Begin XCBuildConfiguration section */
		25EEFB572EE7AE9C00515D09 /* Debug */ = {
			isa = XCBuildConfiguration;
			buildSettings = {
				ALWAYS_SEARCH_USER_PATHS = NO;
				ASSETCATALOG_COMPILER_GENERATE_SWIFT_ASSET_SYMBOL_EXTENSIONS = YES;
				CLANG_ANALYZER_NONNULL = YES;
				CLANG_ANALYZER_NUMBER_OBJECT_CONVERSION = YES_AGGRESSIVE;
				CLANG_CXX_LANGUAGE_STANDARD = "gnu++20";
				CLANG_ENABLE_MODULES = YES;
				CLANG_ENABLE_OBJC_ARC = YES;
				CLANG_ENABLE_OBJC_WEAK = YES;
				CLANG_WARN_BLOCK_CAPTURE_AUTORELEASING = YES;
				CLANG_WARN_BOOL_CONVERSION = YES;
				CLANG_WARN_COMMA = YES;
				CLANG_WARN_CONSTANT_CONVERSION = YES;
				CLANG_WARN_DEPRECATED_OBJC_IMPLEMENTATIONS = YES;
				CLANG_WARN_DIRECT_OBJC_ISA_USAGE = YES_ERROR;
				CLANG_WARN_DOCUMENTATION_COMMENTS = YES;
				CLANG_WARN_EMPTY_BODY = YES;
				CLANG_WARN_ENUM_CONVERSION = YES;
				CLANG_WARN_INFINITE_RECURSION = YES;
				CLANG_WARN_INT_CONVERSION = YES;
				CLANG_WARN_NON_LITERAL_NULL_CONVERSION = YES;
				CLANG_WARN_OBJC_IMPLICIT_RETAIN_SELF = YES;
				CLANG_WARN_OBJC_LITERAL_CONVERSION = YES;
				CLANG_WARN_OBJC_ROOT_CLASS = YES_ERROR;
				CLANG_WARN_QUOTED_INCLUDE_IN_FRAMEWORK_HEADER = YES;
				CLANG_WARN_RANGE_LOOP_ANALYSIS = YES;
				CLANG_WARN_STRICT_PROTOTYPES = YES;
				CLANG_WARN_SUSPICIOUS_MOVE = YES;
				CLANG_WARN_UNGUARDED_AVAILABILITY = YES_AGGRESSIVE;
				CLANG_WARN_UNREACHABLE_CODE = YES;
				CLANG_WARN__DUPLICATE_METHOD_MATCH = YES;
				COPY_PHASE_STRIP = NO;
				DEBUG_INFORMATION_FORMAT = dwarf;
				ENABLE_STRICT_OBJC_MSGSEND = YES;
				ENABLE_TESTABILITY = YES;
				ENABLE_USER_SCRIPT_SANDBOXING = YES;
				GCC_C_LANGUAGE_STANDARD = gnu17;
				GCC_DYNAMIC_NO_PIC = NO;
				GCC_NO_COMMON_BLOCKS = YES;
				GCC_OPTIMIZATION_LEVEL = 0;
				GCC_PREPROCESSOR_DEFINITIONS = (
					"DEBUG=1",
					"$(inherited)",
				);
				GCC_WARN_64_TO_32_BIT_CONVERSION = YES;
				GCC_WARN_ABOUT_RETURN_TYPE = YES_ERROR;
				GCC_WARN_UNDECLARED_SELECTOR = YES;
				GCC_WARN_UNINITIALIZED_AUTOS = YES_AGGRESSIVE;
				GCC_WARN_UNUSED_FUNCTION = YES;
				GCC_WARN_UNUSED_VARIABLE = YES;
				LOCALIZATION_PREFERS_STRING_CATALOGS = YES;
				MTL_ENABLE_DEBUG_INFO = INCLUDE_SOURCE;
				MTL_FAST_MATH = YES;
				ONLY_ACTIVE_ARCH = YES;
				SWIFT_ACTIVE_COMPILATION_CONDITIONS = "DEBUG $(inherited)";
				SWIFT_OPTIMIZATION_LEVEL = "-Onone";
			};
			name = Debug;
		};
		25EEFB582EE7AE9C00515D09 /* Release */ = {
			isa = XCBuildConfiguration;
			buildSettings = {
				ALWAYS_SEARCH_USER_PATHS = NO;
				ASSETCATALOG_COMPILER_GENERATE_SWIFT_ASSET_SYMBOL_EXTENSIONS = YES;
				CLANG_ANALYZER_NONNULL = YES;
				CLANG_ANALYZER_NUMBER_OBJECT_CONVERSION = YES_AGGRESSIVE;
				CLANG_CXX_LANGUAGE_STANDARD = "gnu++20";
				CLANG_ENABLE_MODULES = YES;
				CLANG_ENABLE_OBJC_ARC = YES;
				CLANG_ENABLE_OBJC_WEAK = YES;
				CLANG_WARN_BLOCK_CAPTURE_AUTORELEASING = YES;
				CLANG_WARN_BOOL_CONVERSION = YES;
				CLANG_WARN_COMMA = YES;
				CLANG_WARN_CONSTANT_CONVERSION = YES;
				CLANG_WARN_DEPRECATED_OBJC_IMPLEMENTATIONS = YES;
				CLANG_WARN_DIRECT_OBJC_ISA_USAGE = YES_ERROR;
				CLANG_WARN_DOCUMENTATION_COMMENTS = YES;
				CLANG_WARN_EMPTY_BODY = YES;
				CLANG_WARN_ENUM_CONVERSION = YES;
				CLANG_WARN_INFINITE_RECURSION = YES;
				CLANG_WARN_INT_CONVERSION = YES;
				CLANG_WARN_NON_LITERAL_NULL_CONVERSION = YES;
				CLANG_WARN_OBJC_IMPLICIT_RETAIN_SELF = YES;
				CLANG_WARN_OBJC_LITERAL_CONVERSION = YES;
				CLANG_WARN_OBJC_ROOT_CLASS = YES_ERROR;
				CLANG_WARN_QUOTED_INCLUDE_IN_FRAMEWORK_HEADER = YES;
				CLANG_WARN_RANGE_LOOP_ANALYSIS = YES;
				CLANG_WARN_STRICT_PROTOTYPES = YES;
				CLANG_WARN_SUSPICIOUS_MOVE = YES;
				CLANG_WARN_UNGUARDED_AVAILABILITY = YES_AGGRESSIVE;
				CLANG_WARN_UNREACHABLE_CODE = YES;
				CLANG_WARN__DUPLICATE_METHOD_MATCH = YES;
				COPY_PHASE_STRIP = NO;
				DEBUG_INFORMATION_FORMAT = "dwarf-with-dsym";
				ENABLE_NS_ASSERTIONS = NO;
				ENABLE_STRICT_OBJC_MSGSEND = YES;
				ENABLE_USER_SCRIPT_SANDBOXING = YES;
				GCC_C_LANGUAGE_STANDARD = gnu17;
				GCC_NO_COMMON_BLOCKS = YES;
				GCC_WARN_64_TO_32_BIT_CONVERSION = YES;
				GCC_WARN_ABOUT_RETURN_TYPE = YES_ERROR;
				GCC_WARN_UNDECLARED_SELECTOR = YES;
				GCC_WARN_UNINITIALIZED_AUTOS = YES_AGGRESSIVE;
				GCC_WARN_UNUSED_FUNCTION = YES;
				GCC_WARN_UNUSED_VARIABLE = YES;
				LOCALIZATION_PREFERS_STRING_CATALOGS = YES;
				MTL_ENABLE_DEBUG_INFO = NO;
				MTL_FAST_MATH = YES;
				SWIFT_COMPILATION_MODE = wholemodule;
			};
			name = Release;
		};
		25EEFB5A2EE7AE9C00515D09 /* Debug */ = {
			isa = XCBuildConfiguration;
			buildSettings = {
				CODE_SIGN_STYLE = Automatic;
				CURRENT_PROJECT_VERSION = 1;
				GENERATE_INFOPLIST_FILE = YES;
				INFOPLIST_FILE = "iOS (Extension)/Info.plist";
				INFOPLIST_KEY_CFBundleDisplayName = "Tab Session Manager Extension";
				INFOPLIST_KEY_NSHumanReadableCopyright = "";
				IPHONEOS_DEPLOYMENT_TARGET = 15.0;
				LD_RUNPATH_SEARCH_PATHS = (
					"$(inherited)",
					"@executable_path/Frameworks",
					"@executable_path/../../Frameworks",
				);
				MARKETING_VERSION = 1.0;
				OTHER_LDFLAGS = (
					"-framework",
					SafariServices,
				);
				PRODUCT_BUNDLE_IDENTIFIER = com.example.TabSessionManager.Extension;
				PRODUCT_NAME = "Tab Session Manager Extension";
				SDKROOT = iphoneos;
				SKIP_INSTALL = YES;
				STRING_CATALOG_GENERATE_SYMBOLS = YES;
				SWIFT_APPROACHABLE_CONCURRENCY = YES;
				SWIFT_EMIT_LOC_STRINGS = YES;
				SWIFT_UPCOMING_FEATURE_MEMBER_IMPORT_VISIBILITY = YES;
				SWIFT_VERSION = 5.0;
				TARGETED_DEVICE_FAMILY = "1,2";
			};
			name = Debug;
		};
		25EEFB5B2EE7AE9C00515D09 /* Release */ = {
			isa = XCBuildConfiguration;
			buildSettings = {
				CODE_SIGN_STYLE = Automatic;
				CURRENT_PROJECT_VERSION = 1;
				GENERATE_INFOPLIST_FILE = YES;
				INFOPLIST_FILE = "iOS (Extension)/Info.plist";
				INFOPLIST_KEY_CFBundleDisplayName = "Tab Session Manager Extension";
				INFOPLIST_KEY_NSHumanReadableCopyright = "";
				IPHONEOS_DEPLOYMENT_TARGET = 15.0;
				LD_RUNPATH_SEARCH_PATHS = (
					"$(inherited)",
					"@executable_path/Frameworks",
					"@executable_path/../../Frameworks",
				);
				MARKETING_VERSION = 1.0;
				OTHER_LDFLAGS = (
					"-framework",
					SafariServices,
				);
				PRODUCT_BUNDLE_IDENTIFIER = com.example.TabSessionManager.Extension;
				PRODUCT_NAME = "Tab Session Manager Extension";
				SDKROOT = iphoneos;
				SKIP_INSTALL = YES;
				STRING_CATALOG_GENERATE_SYMBOLS = YES;
				SWIFT_APPROACHABLE_CONCURRENCY = YES;
				SWIFT_EMIT_LOC_STRINGS = YES;
				SWIFT_UPCOMING_FEATURE_MEMBER_IMPORT_VISIBILITY = YES;
				SWIFT_VERSION = 5.0;
				TARGETED_DEVICE_FAMILY = "1,2";
				VALIDATE_PRODUCT = YES;
			};
			name = Release;
		};
		25EEFB5E2EE7AE9C00515D09 /* Debug */ = {
			isa = XCBuildConfiguration;
			buildSettings = {
				ASSETCATALOG_COMPILER_APPICON_NAME = AppIcon;
				ASSETCATALOG_COMPILER_GLOBAL_ACCENT_COLOR_NAME = AccentColor;
				CODE_SIGN_STYLE = Automatic;
				CURRENT_PROJECT_VERSION = 1;
				GENERATE_INFOPLIST_FILE = YES;
				INFOPLIST_FILE = "iOS (App)/Info.plist";
				INFOPLIST_KEY_CFBundleDisplayName = "Tab Session Manager";
				INFOPLIST_KEY_UIApplicationSupportsIndirectInputEvents = YES;
				INFOPLIST_KEY_UILaunchStoryboardName = LaunchScreen;
				INFOPLIST_KEY_UIMainStoryboardFile = Main;
				INFOPLIST_KEY_UISupportedInterfaceOrientations = "UIInterfaceOrientationPortrait UIInterfaceOrientationLandscapeLeft UIInterfaceOrientationLandscapeRight";
				INFOPLIST_KEY_UISupportedInterfaceOrientations_iPad = "UIInterfaceOrientationPortrait UIInterfaceOrientationPortraitUpsideDown UIInterfaceOrientationLandscapeLeft UIInterfaceOrientationLandscapeRight";
				IPHONEOS_DEPLOYMENT_TARGET = 15.0;
				LD_RUNPATH_SEARCH_PATHS = (
					"$(inherited)",
					"@executable_path/Frameworks",
				);
				MARKETING_VERSION = 1.0;
				OTHER_LDFLAGS = (
					"-framework",
					SafariServices,
					"-framework",
					WebKit,
				);
				PRODUCT_BUNDLE_IDENTIFIER = com.example.TabSessionManager;
				PRODUCT_NAME = "Tab Session Manager";
				SDKROOT = iphoneos;
				STRING_CATALOG_GENERATE_SYMBOLS = YES;
				SWIFT_APPROACHABLE_CONCURRENCY = YES;
				SWIFT_DEFAULT_ACTOR_ISOLATION = MainActor;
				SWIFT_EMIT_LOC_STRINGS = YES;
				SWIFT_UPCOMING_FEATURE_MEMBER_IMPORT_VISIBILITY = YES;
				SWIFT_VERSION = 5.0;
				TARGETED_DEVICE_FAMILY = "1,2";
			};
			name = Debug;
		};
		25EEFB5F2EE7AE9C00515D09 /* Release */ = {
			isa = XCBuildConfiguration;
			buildSettings = {
				ASSETCATALOG_COMPILER_APPICON_NAME = AppIcon;
				ASSETCATALOG_COMPILER_GLOBAL_ACCENT_COLOR_NAME = AccentColor;
				CODE_SIGN_STYLE = Automatic;
				CURRENT_PROJECT_VERSION = 1;
				GENERATE_INFOPLIST_FILE = YES;
				INFOPLIST_FILE = "iOS (App)/Info.plist";
				INFOPLIST_KEY_CFBundleDisplayName = "Tab Session Manager";
				INFOPLIST_KEY_UIApplicationSupportsIndirectInputEvents = YES;
				INFOPLIST_KEY_UILaunchStoryboardName = LaunchScreen;
				INFOPLIST_KEY_UIMainStoryboardFile = Main;
				INFOPLIST_KEY_UISupportedInterfaceOrientations = "UIInterfaceOrientationPortrait UIInterfaceOrientationLandscapeLeft UIInterfaceOrientationLandscapeRight";
				INFOPLIST_KEY_UISupportedInterfaceOrientations_iPad = "UIInterfaceOrientationPortrait UIInterfaceOrientationPortraitUpsideDown UIInterfaceOrientationLandscapeLeft UIInterfaceOrientationLandscapeRight";
				IPHONEOS_DEPLOYMENT_TARGET = 15.0;
				LD_RUNPATH_SEARCH_PATHS = (
					"$(inherited)",
					"@executable_path/Frameworks",
				);
				MARKETING_VERSION = 1.0;
				OTHER_LDFLAGS = (
					"-framework",
					SafariServices,
					"-framework",
					WebKit,
				);
				PRODUCT_BUNDLE_IDENTIFIER = com.example.TabSessionManager;
				PRODUCT_NAME = "Tab Session Manager";
				SDKROOT = iphoneos;
				STRING_CATALOG_GENERATE_SYMBOLS = YES;
				SWIFT_APPROACHABLE_CONCURRENCY = YES;
				SWIFT_DEFAULT_ACTOR_ISOLATION = MainActor;
				SWIFT_EMIT_LOC_STRINGS = YES;
				SWIFT_UPCOMING_FEATURE_MEMBER_IMPORT_VISIBILITY = YES;
				SWIFT_VERSION = 5.0;
				TARGETED_DEVICE_FAMILY = "1,2";
				VALIDATE_PRODUCT = YES;
			};
			name = Release;
		};
		25EEFB612EE7AE9C00515D09 /* Debug */ = {
			isa = XCBuildConfiguration;
			buildSettings = {
				CODE_SIGN_STYLE = Automatic;
				CURRENT_PROJECT_VERSION = 1;
				ENABLE_APP_SANDBOX = YES;
				ENABLE_HARDENED_RUNTIME = YES;
				ENABLE_USER_SELECTED_FILES = readonly;
				GENERATE_INFOPLIST_FILE = YES;
				INFOPLIST_FILE = "macOS (Extension)/Info.plist";
				INFOPLIST_KEY_CFBundleDisplayName = "Tab Session Manager Extension";
				INFOPLIST_KEY_NSHumanReadableCopyright = "";
				LD_RUNPATH_SEARCH_PATHS = (
					"$(inherited)",
					"@executable_path/../Frameworks",
					"@executable_path/../../../../Frameworks",
				);
				MACOSX_DEPLOYMENT_TARGET = 10.14;
				MARKETING_VERSION = 1.0;
				OTHER_LDFLAGS = (
					"-framework",
					SafariServices,
				);
				PRODUCT_BUNDLE_IDENTIFIER = com.example.TabSessionManager.Extension;
				PRODUCT_NAME = "Tab Session Manager Extension";
				SDKROOT = macosx;
				SKIP_INSTALL = YES;
				STRING_CATALOG_GENERATE_SYMBOLS = YES;
				SWIFT_APPROACHABLE_CONCURRENCY = YES;
				SWIFT_EMIT_LOC_STRINGS = YES;
				SWIFT_UPCOMING_FEATURE_MEMBER_IMPORT_VISIBILITY = YES;
				SWIFT_VERSION = 5.0;
			};
			name = Debug;
		};
		25EEFB622EE7AE9C00515D09 /* Release */ = {
			isa = XCBuildConfiguration;
			buildSettings = {
				CODE_SIGN_STYLE = Automatic;
				CURRENT_PROJECT_VERSION = 1;
				ENABLE_APP_SANDBOX = YES;
				ENABLE_HARDENED_RUNTIME = YES;
				ENABLE_USER_SELECTED_FILES = readonly;
				GENERATE_INFOPLIST_FILE = YES;
				INFOPLIST_FILE = "macOS (Extension)/Info.plist";
				INFOPLIST_KEY_CFBundleDisplayName = "Tab Session Manager Extension";
				INFOPLIST_KEY_NSHumanReadableCopyright = "";
				LD_RUNPATH_SEARCH_PATHS = (
					"$(inherited)",
					"@executable_path/../Frameworks",
					"@executable_path/../../../../Frameworks",
				);
				MACOSX_DEPLOYMENT_TARGET = 10.14;
				MARKETING_VERSION = 1.0;
				OTHER_LDFLAGS = (
					"-framework",
					SafariServices,
				);
				PRODUCT_BUNDLE_IDENTIFIER = com.example.TabSessionManager.Extension;
				PRODUCT_NAME = "Tab Session Manager Extension";
				SDKROOT = macosx;
				SKIP_INSTALL = YES;
				STRING_CATALOG_GENERATE_SYMBOLS = YES;
				SWIFT_APPROACHABLE_CONCURRENCY = YES;
				SWIFT_EMIT_LOC_STRINGS = YES;
				SWIFT_UPCOMING_FEATURE_MEMBER_IMPORT_VISIBILITY = YES;
				SWIFT_VERSION = 5.0;
			};
			name = Release;
		};
		25EEFB652EE7AE9C00515D09 /* Debug */ = {
			isa = XCBuildConfiguration;
			buildSettings = {
				ASSETCATALOG_COMPILER_APPICON_NAME = AppIcon;
				ASSETCATALOG_COMPILER_GLOBAL_ACCENT_COLOR_NAME = AccentColor;
				CODE_SIGN_STYLE = Automatic;
				CURRENT_PROJECT_VERSION = 1;
				ENABLE_APP_SANDBOX = YES;
				ENABLE_HARDENED_RUNTIME = YES;
				ENABLE_OUTGOING_NETWORK_CONNECTIONS = YES;
				ENABLE_USER_SELECTED_FILES = readonly;
				GENERATE_INFOPLIST_FILE = YES;
				INFOPLIST_FILE = "macOS (App)/Info.plist";
				INFOPLIST_KEY_CFBundleDisplayName = "Tab Session Manager";
				INFOPLIST_KEY_NSMainStoryboardFile = Main;
				INFOPLIST_KEY_NSPrincipalClass = NSApplication;
				LD_RUNPATH_SEARCH_PATHS = (
					"$(inherited)",
					"@executable_path/../Frameworks",
				);
				MACOSX_DEPLOYMENT_TARGET = 10.14;
				MARKETING_VERSION = 1.0;
				OTHER_LDFLAGS = (
					"-framework",
					SafariServices,
					"-framework",
					WebKit,
				);
				PRODUCT_BUNDLE_IDENTIFIER = com.example.TabSessionManager;
				PRODUCT_NAME = "Tab Session Manager";
				REGISTER_APP_GROUPS = YES;
				SDKROOT = macosx;
				STRING_CATALOG_GENERATE_SYMBOLS = YES;
				SWIFT_APPROACHABLE_CONCURRENCY = YES;
				SWIFT_DEFAULT_ACTOR_ISOLATION = MainActor;
				SWIFT_EMIT_LOC_STRINGS = YES;
				SWIFT_UPCOMING_FEATURE_MEMBER_IMPORT_VISIBILITY = YES;
				SWIFT_VERSION = 5.0;
			};
			name = Debug;
		};
		25EEFB662EE7AE9C00515D09 /* Release */ = {
			isa = XCBuildConfiguration;
			buildSettings = {
				ASSETCATALOG_COMPILER_APPICON_NAME = AppIcon;
				ASSETCATALOG_COMPILER_GLOBAL_ACCENT_COLOR_NAME = AccentColor;
				CODE_SIGN_STYLE = Automatic;
				CURRENT_PROJECT_VERSION = 1;
				ENABLE_APP_SANDBOX = YES;
				ENABLE_HARDENED_RUNTIME = YES;
				ENABLE_OUTGOING_NETWORK_CONNECTIONS = YES;
				ENABLE_USER_SELECTED_FILES = readonly;
				GENERATE_INFOPLIST_FILE = YES;
				INFOPLIST_FILE = "macOS (App)/Info.plist";
				INFOPLIST_KEY_CFBundleDisplayName = "Tab Session Manager";
				INFOPLIST_KEY_NSMainStoryboardFile = Main;
				INFOPLIST_KEY_NSPrincipalClass = NSApplication;
				LD_RUNPATH_SEARCH_PATHS = (
					"$(inherited)",
					"@executable_path/../Frameworks",
				);
				MACOSX_DEPLOYMENT_TARGET = 10.14;
				MARKETING_VERSION = 1.0;
				OTHER_LDFLAGS = (
					"-framework",
					SafariServices,
					"-framework",
					WebKit,
				);
				PRODUCT_BUNDLE_IDENTIFIER = com.example.TabSessionManager;
				PRODUCT_NAME = "Tab Session Manager";
				REGISTER_APP_GROUPS = YES;
				SDKROOT = macosx;
				STRING_CATALOG_GENERATE_SYMBOLS = YES;
				SWIFT_APPROACHABLE_CONCURRENCY = YES;
				SWIFT_DEFAULT_ACTOR_ISOLATION = MainActor;
				SWIFT_EMIT_LOC_STRINGS = YES;
				SWIFT_UPCOMING_FEATURE_MEMBER_IMPORT_VISIBILITY = YES;
				SWIFT_VERSION = 5.0;
			};
			name = Release;
		};
/* End XCBuildConfiguration section */

/* Begin XCConfigurationList section */
		25EEFB0B2EE7AE9B00515D09 /* Build configuration list for PBXProject "Tab Session Manager" */ = {
			isa = XCConfigurationList;
			buildConfigurations = (
				25EEFB572EE7AE9C00515D09 /* Debug */,
				25EEFB582EE7AE9C00515D09 /* Release */,
			);
			defaultConfigurationIsVisible = 0;
			defaultConfigurationName = Release;
		};
		25EEFB592EE7AE9C00515D09 /* Build configuration list for PBXNativeTarget "Tab Session Manager Extension (iOS)" */ = {
			isa = XCConfigurationList;
			buildConfigurations = (
				25EEFB5A2EE7AE9C00515D09 /* Debug */,
				25EEFB5B2EE7AE9C00515D09 /* Release */,
			);
			defaultConfigurationIsVisible = 0;
			defaultConfigurationName = Release;
		};
		25EEFB5D2EE7AE9C00515D09 /* Build configuration list for PBXNativeTarget "Tab Session Manager (iOS)" */ = {
			isa = XCConfigurationList;
			buildConfigurations = (
				25EEFB5E2EE7AE9C00515D09 /* Debug */,
				25EEFB5F2EE7AE9C00515D09 /* Release */,
			);
			defaultConfigurationIsVisible = 0;
			defaultConfigurationName = Release;
		};
		25EEFB602EE7AE9C00515D09 /* Build configuration list for PBXNativeTarget "Tab Session Manager Extension (macOS)" */ = {
			isa = XCConfigurationList;
			buildConfigurations = (
				25EEFB612EE7AE9C00515D09 /* Debug */,
				25EEFB622EE7AE9C00515D09 /* Release */,
			);
			defaultConfigurationIsVisible = 0;
			defaultConfigurationName = Release;
		};
		25EEFB642EE7AE9C00515D09 /* Build configuration list for PBXNativeTarget "Tab Session Manager (macOS)" */ = {
			isa = XCConfigurationList;
			buildConfigurations = (
				25EEFB652EE7AE9C00515D09 /* Debug */,
				25EEFB662EE7AE9C00515D09 /* Release */,
			);
			defaultConfigurationIsVisible = 0;
			defaultConfigurationName = Release;
		};
/* End XCConfigurationList section */
	};
	rootObject = 25EEFB082EE7AE9B00515D09 /* Project object */;
}
